
Microsoft Visual Studio Solution File, Format Version 12.00
# Visual Studio Express 2012 for Windows Desktop
Project("{F184B08F-C81C-45F6-A57F-5ABD9991F28F}") = "final_project", "final_project\final_project.vbproj", "{34581E92-6E16-43A9-BBFE-E53641E71D14}"
EndProject
Global
	GlobalSection(SolutionConfigurationPlatforms) = preSolution
		Debug|Any CPU = Debug|Any CPU
		Release|Any CPU = Release|Any CPU
	EndGlobalSection
	GlobalSection(ProjectConfigurationPlatforms) = postSolution
		{34581E92-6E16-43A9-BBFE-E53641E71D14}.Debug|Any CPU.ActiveCfg = Debug|Any CPU
		{34581E92-6E16-43A9-BBFE-E53641E71D14}.Debug|Any CPU.Build.0 = Debug|Any CPU
		{34581E92-6E16-43A9-BBFE-E53641E71D14}.Release|Any CPU.ActiveCfg = Release|Any CPU
		{34581E92-6E16-43A9-BBFE-E53641E71D14}.Release|Any CPU.Build.0 = Release|Any CPU
	EndGlobalSection
	GlobalSection(SolutionProperties) = preSolution
		HideSolutionNode = FALSE
	EndGlobalSection
EndGlobal
